Microsoft Visual Studio Solution File, Format Version 12.00
# Visual Studio Version 17
VisualStudioVersion = 17.5.2.0
MinimumVisualStudioVersion = 10.0.40219.1
Project("{FAE04EC0-301F-11D3-BF4B-00C04F79EFBC}") = "DotNet10Checker", "DotNet10Checker.csproj", "{0A2426C0-A7FC-36E3-7CAF-64534B39FB3A}"
EndProject
Global
	GlobalSection(SolutionConfigurationPlatforms) = preSolution
		Debug|Any CPU = Debug|Any CPU
		Release|Any CPU = Release|Any CPU
	EndGlobalSection
	GlobalSection(ProjectConfigurationPlatforms) = postSolution
		{0A2426C0-A7FC-36E3-7CAF-64534B39FB3A}.Debug|Any CPU.ActiveCfg = Debug|Any CPU
		{0A2426C0-A7FC-36E3-7CAF-64534B39FB3A}.Debug|Any CPU.Build.0 = Debug|Any CPU
		{0A2426C0-A7FC-36E3-7CAF-64534B39FB3A}.Release|Any CPU.ActiveCfg = Release|Any CPU
		{0A2426C0-A7FC-36E3-7CAF-64534B39FB3A}.Release|Any CPU.Build.0 = Release|Any CPU
	EndGlobalSection
	GlobalSection(SolutionProperties) = preSolution
		HideSolutionNode = FALSE
	EndGlobalSection
	GlobalSection(ExtensibilityGlobals) = postSolution
		SolutionGuid = {E535405B-A46A-4649-9D37-6631731A4ADC}
	EndGlobalSection
EndGlobal
